
Microsoft Visual Studio Solution File, Format Version 12.00
# Visual Studio Version 17
VisualStudioVersion = 17.7.34031.279
MinimumVisualStudioVersion = 10.0.40219.1
Project("{FAE04EC0-301F-11D3-BF4B-00C04F79EFBC}") = "Employee_Management_Peoject", "Employee_Management_Peoject\Employee_Management_Peoject.csproj", "{F675BD96-D518-473B-9C4E-8B5E60C704D1}"
EndProject
Global
	GlobalSection(SolutionConfigurationPlatforms) = preSolution
		Debug|Any CPU = Debug|Any CPU
		Release|Any CPU = Release|Any CPU
	EndGlobalSection
	GlobalSection(ProjectConfigurationPlatforms) = postSolution
		{F675BD96-D518-473B-9C4E-8B5E60C704D1}.Debug|Any CPU.ActiveCfg = Debug|Any CPU
		{F675BD96-D518-473B-9C4E-8B5E60C704D1}.Debug|Any CPU.Build.0 = Debug|Any CPU
		{F675BD96-D518-473B-9C4E-8B5E60C704D1}.Release|Any CPU.ActiveCfg = Release|Any CPU
		{F675BD96-D518-473B-9C4E-8B5E60C704D1}.Release|Any CPU.Build.0 = Release|Any CPU
	EndGlobalSection
	GlobalSection(SolutionProperties) = preSolution
		HideSolutionNode = FALSE
	EndGlobalSection
	GlobalSection(ExtensibilityGlobals) = postSolution
		SolutionGuid = {2973B1D8-088A-4C16-9DC6-A96DE03E7DD3}
	EndGlobalSection
EndGlobal
